
Microsoft Visual Studio Solution File, Format Version 12.00
# Visual Studio 15
VisualStudioVersion = 15.0.26228.9
MinimumVisualStudioVersion = 10.0.40219.1
Project("{FAE04EC0-301F-11D3-BF4B-00C04F79EFBC}") = "Ninjacrab.PersistentWindows.WpfShell", "Ninjacrab.PersistentWindows.WpfShell\Ninjacrab.PersistentWindows.WpfShell.csproj", "{4EA12EC8-B50F-4DEA-AA7D-85A5F4C81F83}"
EndProject
Project("{2150E333-8FDC-42A3-9474-1A3956D46DE8}") = ".nuget", ".nuget", "{FA5C1FB9-45F3-434F-9176-71A2D8EDA5B2}"
	ProjectSection(SolutionItems) = preProject
		.nuget\packages.config = .nuget\packages.config
	EndProjectSection
EndProject
Project("{FAE04EC0-301F-11D3-BF4B-00C04F79EFBC}") = "Ninjacrab.PersistentWindows.Common", "Ninjacrab.PersistentWindows.Common\Ninjacrab.PersistentWindows.Common.csproj", "{4CC8B3FB-214B-42AB-8AAE-E7DC5E266EF0}"
EndProject
Project("{FAE04EC0-301F-11D3-BF4B-00C04F79EFBC}") = "Ninjacrab.PersistentWindows.SystrayShell", "Ninjacrab.PersistentWindows.SystrayShell\Ninjacrab.PersistentWindows.SystrayShell.csproj", "{A728279C-F567-4E54-8BC6-90A66DC3EF57}"
EndProject
Project("{8BC9CEB8-8B4A-11D0-8D11-00A0C91BC942}") = "Ninjacrab.PersistentWindows.WinApiWrapper", "Ninjacrab.PersistentWindows.WinApiWrapper\Ninjacrab.PersistentWindows.WinApiWrapper.vcxproj", "{25D3C4CD-3408-4B83-ACE8-33F5EC3AAD7C}"
EndProject
Project("{8BC9CEB8-8B4A-11D0-8D11-00A0C91BC942}") = "Ninjacrab.PersistentWindows.GenTest1", "Ninjacrab.PersistentWindows.GenTest1\Ninjacrab.PersistentWindows.GenTest1.vcxproj", "{D15C776F-994F-4DAB-9C16-8C7DB2704473}"
EndProject
Project("{8BC9CEB8-8B4A-11D0-8D11-00A0C91BC942}") = "Ninjacrab.PersistentWindows.CoreX86", "Ninjacrab.PersistentWindows.CoreX86\Ninjacrab.PersistentWindows.CoreX86.vcxproj", "{F09C4F38-827B-4D84-BEC6-D4969A023407}"
EndProject
Project("{8BC9CEB8-8B4A-11D0-8D11-00A0C91BC942}") = "Ninjacrab.PersistentWindows.CoreClr", "Ninjacrab.PersistentWindows.CoreClr\Ninjacrab.PersistentWindows.CoreClr.vcxproj", "{EC67F9ED-35D2-4A34-B68E-F58772A4EA03}"
EndProject
Global
	GlobalSection(SolutionConfigurationPlatforms) = preSolution
		Debug|Any CPU = Debug|Any CPU
		Debug|x64 = Debug|x64
		Debug|x86 = Debug|x86
		Release|Any CPU = Release|Any CPU
		Release|x64 = Release|x64
		Release|x86 = Release|x86
	EndGlobalSection
	GlobalSection(ProjectConfigurationPlatforms) = postSolution
		{4EA12EC8-B50F-4DEA-AA7D-85A5F4C81F83}.Debug|Any CPU.ActiveCfg = Debug|Any CPU
		{4EA12EC8-B50F-4DEA-AA7D-85A5F4C81F83}.Debug|Any CPU.Build.0 = Debug|Any CPU
		{4EA12EC8-B50F-4DEA-AA7D-85A5F4C81F83}.Debug|x64.ActiveCfg = Debug|Any CPU
		{4EA12EC8-B50F-4DEA-AA7D-85A5F4C81F83}.Debug|x64.Build.0 = Debug|Any CPU
		{4EA12EC8-B50F-4DEA-AA7D-85A5F4C81F83}.Debug|x86.ActiveCfg = Debug|Any CPU
		{4EA12EC8-B50F-4DEA-AA7D-85A5F4C81F83}.Debug|x86.Build.0 = Debug|Any CPU
		{4EA12EC8-B50F-4DEA-AA7D-85A5F4C81F83}.Release|Any CPU.ActiveCfg = Release|Any CPU
		{4EA12EC8-B50F-4DEA-AA7D-85A5F4C81F83}.Release|Any CPU.Build.0 = Release|Any CPU
		{4EA12EC8-B50F-4DEA-AA7D-85A5F4C81F83}.Release|x64.ActiveCfg = Release|Any CPU
		{4EA12EC8-B50F-4DEA-AA7D-85A5F4C81F83}.Release|x64.Build.0 = Release|Any CPU
		{4EA12EC8-B50F-4DEA-AA7D-85A5F4C81F83}.Release|x86.ActiveCfg = Release|Any CPU
		{4EA12EC8-B50F-4DEA-AA7D-85A5F4C81F83}.Release|x86.Build.0 = Release|Any CPU
		{4CC8B3FB-214B-42AB-8AAE-E7DC5E266EF0}.Debug|Any CPU.ActiveCfg = Debug|Any CPU
		{4CC8B3FB-214B-42AB-8AAE-E7DC5E266EF0}.Debug|Any CPU.Build.0 = Debug|Any CPU
		{4CC8B3FB-214B-42AB-8AAE-E7DC5E266EF0}.Debug|x64.ActiveCfg = Debug|Any CPU
		{4CC8B3FB-214B-42AB-8AAE-E7DC5E266EF0}.Debug|x64.Build.0 = Debug|Any CPU
		{4CC8B3FB-214B-42AB-8AAE-E7DC5E266EF0}.Debug|x86.ActiveCfg = Debug|Any CPU
		{4CC8B3FB-214B-42AB-8AAE-E7DC5E266EF0}.Debug|x86.Build.0 = Debug|Any CPU
		{4CC8B3FB-214B-42AB-8AAE-E7DC5E266EF0}.Release|Any CPU.ActiveCfg = Release|Any CPU
		{4CC8B3FB-214B-42AB-8AAE-E7DC5E266EF0}.Release|Any CPU.Build.0 = Release|Any CPU
		{4CC8B3FB-214B-42AB-8AAE-E7DC5E266EF0}.Release|x64.ActiveCfg = Release|Any CPU
		{4CC8B3FB-214B-42AB-8AAE-E7DC5E266EF0}.Release|x64.Build.0 = Release|Any CPU
		{4CC8B3FB-214B-42AB-8AAE-E7DC5E266EF0}.Release|x86.ActiveCfg = Release|Any CPU
		{4CC8B3FB-214B-42AB-8AAE-E7DC5E266EF0}.Release|x86.Build.0 = Release|Any CPU
		{A728279C-F567-4E54-8BC6-90A66DC3EF57}.Debug|Any CPU.ActiveCfg = Debug|Any CPU
		{A728279C-F567-4E54-8BC6-90A66DC3EF57}.Debug|Any CPU.Build.0 = Debug|Any CPU
		{A728279C-F567-4E54-8BC6-90A66DC3EF57}.Debug|x64.ActiveCfg = Debug|Any CPU
		{A728279C-F567-4E54-8BC6-90A66DC3EF57}.Debug|x64.Build.0 = Debug|Any CPU
		{A728279C-F567-4E54-8BC6-90A66DC3EF57}.Debug|x86.ActiveCfg = Debug|Any CPU
		{A728279C-F567-4E54-8BC6-90A66DC3EF57}.Debug|x86.Build.0 = Debug|Any CPU
		{A728279C-F567-4E54-8BC6-90A66DC3EF57}.Release|Any CPU.ActiveCfg = Release|Any CPU
		{A728279C-F567-4E54-8BC6-90A66DC3EF57}.Release|Any CPU.Build.0 = Release|Any CPU
		{A728279C-F567-4E54-8BC6-90A66DC3EF57}.Release|x64.ActiveCfg = Release|Any CPU
		{A728279C-F567-4E54-8BC6-90A66DC3EF57}.Release|x64.Build.0 = Release|Any CPU
		{A728279C-F567-4E54-8BC6-90A66DC3EF57}.Release|x86.ActiveCfg = Release|Any CPU
		{A728279C-F567-4E54-8BC6-90A66DC3EF57}.Release|x86.Build.0 = Release|Any CPU
		{25D3C4CD-3408-4B83-ACE8-33F5EC3AAD7C}.Debug|Any CPU.ActiveCfg = Debug|x64
		{25D3C4CD-3408-4B83-ACE8-33F5EC3AAD7C}.Debug|Any CPU.Build.0 = Debug|x64
		{25D3C4CD-3408-4B83-ACE8-33F5EC3AAD7C}.Debug|x64.ActiveCfg = Debug|x64
		{25D3C4CD-3408-4B83-ACE8-33F5EC3AAD7C}.Debug|x64.Build.0 = Debug|x64
		{25D3C4CD-3408-4B83-ACE8-33F5EC3AAD7C}.Debug|x86.ActiveCfg = Debug|Win32
		{25D3C4CD-3408-4B83-ACE8-33F5EC3AAD7C}.Debug|x86.Build.0 = Debug|Win32
		{25D3C4CD-3408-4B83-ACE8-33F5EC3AAD7C}.Release|Any CPU.ActiveCfg = Release|x64
		{25D3C4CD-3408-4B83-ACE8-33F5EC3AAD7C}.Release|Any CPU.Build.0 = Release|x64
		{25D3C4CD-3408-4B83-ACE8-33F5EC3AAD7C}.Release|x64.ActiveCfg = Release|x64
		{25D3C4CD-3408-4B83-ACE8-33F5EC3AAD7C}.Release|x64.Build.0 = Release|x64
		{25D3C4CD-3408-4B83-ACE8-33F5EC3AAD7C}.Release|x86.ActiveCfg = Release|Win32
		{25D3C4CD-3408-4B83-ACE8-33F5EC3AAD7C}.Release|x86.Build.0 = Release|Win32
		{D15C776F-994F-4DAB-9C16-8C7DB2704473}.Debug|Any CPU.ActiveCfg = Debug|x64
		{D15C776F-994F-4DAB-9C16-8C7DB2704473}.Debug|Any CPU.Build.0 = Debug|x64
		{D15C776F-994F-4DAB-9C16-8C7DB2704473}.Debug|x64.ActiveCfg = Debug|x64
		{D15C776F-994F-4DAB-9C16-8C7DB2704473}.Debug|x64.Build.0 = Debug|x64
		{D15C776F-994F-4DAB-9C16-8C7DB2704473}.Debug|x86.ActiveCfg = Debug|Win32
		{D15C776F-994F-4DAB-9C16-8C7DB2704473}.Debug|x86.Build.0 = Debug|Win32
		{D15C776F-994F-4DAB-9C16-8C7DB2704473}.Release|Any CPU.ActiveCfg = Release|Win32
		{D15C776F-994F-4DAB-9C16-8C7DB2704473}.Release|x64.ActiveCfg = Release|x64
		{D15C776F-994F-4DAB-9C16-8C7DB2704473}.Release|x64.Build.0 = Release|x64
		{D15C776F-994F-4DAB-9C16-8C7DB2704473}.Release|x86.ActiveCfg = Release|Win32
		{D15C776F-994F-4DAB-9C16-8C7DB2704473}.Release|x86.Build.0 = Release|Win32
		{F09C4F38-827B-4D84-BEC6-D4969A023407}.Debug|Any CPU.ActiveCfg = Debug|x64
		{F09C4F38-827B-4D84-BEC6-D4969A023407}.Debug|Any CPU.Build.0 = Debug|x64
		{F09C4F38-827B-4D84-BEC6-D4969A023407}.Debug|x64.ActiveCfg = Debug|x64
		{F09C4F38-827B-4D84-BEC6-D4969A023407}.Debug|x64.Build.0 = Debug|x64
		{F09C4F38-827B-4D84-BEC6-D4969A023407}.Debug|x86.ActiveCfg = Debug|Win32
		{F09C4F38-827B-4D84-BEC6-D4969A023407}.Debug|x86.Build.0 = Debug|Win32
		{F09C4F38-827B-4D84-BEC6-D4969A023407}.Release|Any CPU.ActiveCfg = Release|Win32
		{F09C4F38-827B-4D84-BEC6-D4969A023407}.Release|x64.ActiveCfg = Release|x64
		{F09C4F38-827B-4D84-BEC6-D4969A023407}.Release|x64.Build.0 = Release|x64
		{F09C4F38-827B-4D84-BEC6-D4969A023407}.Release|x86.ActiveCfg = Release|Win32
		{F09C4F38-827B-4D84-BEC6-D4969A023407}.Release|x86.Build.0 = Release|Win32
		{EC67F9ED-35D2-4A34-B68E-F58772A4EA03}.Debug|Any CPU.ActiveCfg = Debug|Win32
		{EC67F9ED-35D2-4A34-B68E-F58772A4EA03}.Debug|x64.ActiveCfg = Debug|x64
		{EC67F9ED-35D2-4A34-B68E-F58772A4EA03}.Debug|x64.Build.0 = Debug|x64
		{EC67F9ED-35D2-4A34-B68E-F58772A4EA03}.Debug|x86.ActiveCfg = Debug|Win32
		{EC67F9ED-35D2-4A34-B68E-F58772A4EA03}.Debug|x86.Build.0 = Debug|Win32
		{EC67F9ED-35D2-4A34-B68E-F58772A4EA03}.Release|Any CPU.ActiveCfg = Release|Win32
		{EC67F9ED-35D2-4A34-B68E-F58772A4EA03}.Release|x64.ActiveCfg = Release|x64
		{EC67F9ED-35D2-4A34-B68E-F58772A4EA03}.Release|x64.Build.0 = Release|x64
		{EC67F9ED-35D2-4A34-B68E-F58772A4EA03}.Release|x86.ActiveCfg = Release|Win32
		{EC67F9ED-35D2-4A34-B68E-F58772A4EA03}.Release|x86.Build.0 = Release|Win32
	EndGlobalSection
	GlobalSection(SolutionProperties) = preSolution
		HideSolutionNode = FALSE
	EndGlobalSection
EndGlobal
